// !$*UTF8*$!
{
	archiveVersion = 1;
	classes = {
	};
	objectVersion = 46;
	objects = {

/* Begin PBXBuildFile section */
		3F4499CC1E2701A6008B30E8 /* AppDelegate.swift in Sources */ = {isa = PBXBuildFile; fileRef = 3F4499CB1E2701A6008B30E8 /* AppDelegate.swift */; };
		3F4499CE1E2701A6008B30E8 /* ViewController.swift in Sources */ = {isa = PBXBuildFile; fileRef = 3F4499CD1E2701A6008B30E8 /* ViewController.swift */; };
		3F4499D11E2701A6008B30E8 /* Main.storyboard in Resources */ = {isa = PBXBuildFile; fileRef = 3F4499CF1E2701A6008B30E8 /* Main.storyboard */; };
		3F4499D31E2701A6008B30E8 /* Assets.xcassets in Resources */ = {isa = PBXBuildFile; fileRef = 3F4499D21E2701A6008B30E8 /* Assets.xcassets */; };
		3F4499D61E2701A6008B30E8 /* LaunchScreen.storyboard in Resources */ = {isa = PBXBuildFile; fileRef = 3F4499D41E2701A6008B30E8 /* LaunchScreen.storyboard */; };
		3F4499DB1E2701A6008B30E8 /* dailymood WatchKit App.app in Embed Watch Content */ = {isa = PBXBuildFile; fileRef = 3F4499DA1E2701A6008B30E8 /* dailymood WatchKit App.app */; };
		3F4499E11E2701A6008B30E8 /* Interface.storyboard in Resources */ = {isa = PBXBuildFile; fileRef = 3F4499DF1E2701A6008B30E8 /* Interface.storyboard */; };
		3F4499E31E2701A6008B30E8 /* Assets.xcassets in Resources */ = {isa = PBXBuildFile; fileRef = 3F4499E21E2701A6008B30E8 /* Assets.xcassets */; };
		3F4499EA1E2701A7008B30E8 /* dailymood WatchKit Extension.appex in Embed App Extensions */ = {isa = PBXBuildFile; fileRef = 3F4499E91E2701A7008B30E8 /* dailymood WatchKit Extension.appex */; settings = {ATTRIBUTES = (RemoveHeadersOnCopy, ); }; };
		3F4499F11E2701A7008B30E8 /* InterfaceController.swift in Sources */ = {isa = PBXBuildFile; fileRef = 3F4499F01E2701A7008B30E8 /* InterfaceController.swift */; };
		3F4499F31E2701A7008B30E8 /* ExtensionDelegate.swift in Sources */ = {isa = PBXBuildFile; fileRef = 3F4499F21E2701A7008B30E8 /* ExtensionDelegate.swift */; };
		3F4499F51E2701A7008B30E8 /* NotificationController.swift in Sources */ = {isa = PBXBuildFile; fileRef = 3F4499F41E2701A7008B30E8 /* NotificationController.swift */; };
		3F4499F71E2701A7008B30E8 /* ComplicationController.swift in Sources */ = {isa = PBXBuildFile; fileRef = 3F4499F61E2701A7008B30E8 /* ComplicationController.swift */; };
		3F4499F91E2701A7008B30E8 /* Assets.xcassets in Resources */ = {isa = PBXBuildFile; fileRef = 3F4499F81E2701A7008B30E8 /* Assets.xcassets */; };
/* End PBXBuildFile section */

/* Begin PBXContainerItemProxy section */
		3F4499DC1E2701A6008B30E8 /* PBXContainerItemProxy */ = {
			isa = PBXContainerItemProxy;
			containerPortal = 3F4499C01E2701A6008B30E8 /* Project object */;
			proxyType = 1;
			remoteGlobalIDString = 3F4499D91E2701A6008B30E8;
			remoteInfo = "dailymood WatchKit App";
		};
		3F4499EB1E2701A7008B30E8 /* PBXContainerItemProxy */ = {
			isa = PBXContainerItemProxy;
			containerPortal = 3F4499C01E2701A6008B30E8 /* Project object */;
			proxyType = 1;
			remoteGlobalIDString = 3F4499E81E2701A7008B30E8;
			remoteInfo = "dailymood WatchKit Extension";
		};
/* End PBXContainerItemProxy section */

/* Begin PBXCopyFilesBuildPhase section */
		3F449A001E2701A7008B30E8 /* Embed App Extensions */ = {
			isa = PBXCopyFilesBuildPhase;
			buildActionMask = 2147483647;
			dstPath = "";
			dstSubfolderSpec = 13;
			files = (
				3F4499EA1E2701A7008B30E8 /* dailymood WatchKit Extension.appex in Embed App Extensions */,
			);
			name = "Embed App Extensions";
			runOnlyForDeploymentPostprocessing = 0;
		};
		3F449A041E2701A7008B30E8 /* Embed Watch Content */ = {
			isa = PBXCopyFilesBuildPhase;
			buildActionMask = 2147483647;
			dstPath = "$(CONTENTS_FOLDER_PATH)/Watch";
			dstSubfolderSpec = 16;
			files = (
				3F4499DB1E2701A6008B30E8 /* dailymood WatchKit App.app in Embed Watch Content */,
			);
			name = "Embed Watch Content";
			runOnlyForDeploymentPostprocessing = 0;
		};
/* End PBXCopyFilesBuildPhase section */

/* Begin PBXFileReference section */
		3F4499C81E2701A6008B30E8 /* dailymood.app */ = {isa = PBXFileReference; explicitFileType = wrapper.application; includeInIndex = 0; path = dailymood.app; sourceTree = BUILT_PRODUCTS_DIR; };
		3F4499CB1E2701A6008B30E8 /* AppDelegate.swift */ = {isa = PBXFileReference; lastKnownFileType = sourcecode.swift; path = AppDelegate.swift; sourceTree = "<group>"; };
		3F4499CD1E2701A6008B30E8 /* ViewController.swift */ = {isa = PBXFileReference; lastKnownFileType = sourcecode.swift; path = ViewController.swift; sourceTree = "<group>"; };
		3F4499D01E2701A6008B30E8 /* Base */ = {isa = PBXFileReference; lastKnownFileType = file.storyboard; name = Base; path = Base.lproj/Main.storyboard; sourceTree = "<group>"; };
		3F4499D21E2701A6008B30E8 /* Assets.xcassets */ = {isa = PBXFileReference; lastKnownFileType = folder.assetcatalog; path = Assets.xcassets; sourceTree = "<group>"; };
		3F4499D51E2701A6008B30E8 /* Base */ = {isa = PBXFileReference; lastKnownFileType = file.storyboard; name = Base; path = Base.lproj/LaunchScreen.storyboard; sourceTree = "<group>"; };
		3F4499D71E2701A6008B30E8 /* Info.plist */ = {isa = PBXFileReference; lastKnownFileType = text.plist.xml; path = Info.plist; sourceTree = "<group>"; };
		3F4499DA1E2701A6008B30E8 /* dailymood WatchKit App.app */ = {isa = PBXFileReference; explicitFileType = wrapper.application; includeInIndex = 0; path = "dailymood WatchKit App.app"; sourceTree = BUILT_PRODUCTS_DIR; };
		3F4499E01E2701A6008B30E8 /* Base */ = {isa = PBXFileReference; lastKnownFileType = file.storyboard; name = Base; path = Base.lproj/Interface.storyboard; sourceTree = "<group>"; };
		3F4499E21E2701A6008B30E8 /* Assets.xcassets */ = {isa = PBXFileReference; lastKnownFileType = folder.assetcatalog; path = Assets.xcassets; sourceTree = "<group>"; };
		3F4499E41E2701A6008B30E8 /* Info.plist */ = {isa = PBXFileReference; lastKnownFileType = text.plist.xml; path = Info.plist; sourceTree = "<group>"; };
		3F4499E91E2701A7008B30E8 /* dailymood WatchKit Extension.appex */ = {isa = PBXFileReference; explicitFileType = "wrapper.app-extension"; includeInIndex = 0; path = "dailymood WatchKit Extension.appex"; sourceTree = BUILT_PRODUCTS_DIR; };
		3F4499EF1E2701A7008B30E8 /* PushNotificationPayload.apns */ = {isa = PBXFileReference; lastKnownFileType = text; path = PushNotificationPayload.apns; sourceTree = "<group>"; };
		3F4499F01E2701A7008B30E8 /* InterfaceController.swift */ = {isa = PBXFileReference; lastKnownFileType = sourcecode.swift; path = InterfaceController.swift; sourceTree = "<group>"; };
		3F4499F21E2701A7008B30E8 /* ExtensionDelegate.swift */ = {isa = PBXFileReference; lastKnownFileType = sourcecode.swift; path = ExtensionDelegate.swift; sourceTree = "<group>"; };
		3F4499F41E2701A7008B30E8 /* NotificationController.swift */ = {isa = PBXFileReference; lastKnownFileType = sourcecode.swift; path = NotificationController.swift; sourceTree = "<group>"; };
		3F4499F61E2701A7008B30E8 /* ComplicationController.swift */ = {isa = PBXFileReference; lastKnownFileType = sourcecode.swift; path = ComplicationController.swift; sourceTree = "<group>"; };
		3F4499F81E2701A7008B30E8 /* Assets.xcassets */ = {isa = PBXFileReference; lastKnownFileType = folder.assetcatalog; path = Assets.xcassets; sourceTree = "<group>"; };
		3F4499FA1E2701A7008B30E8 /* Info.plist */ = {isa = PBXFileReference; lastKnownFileType = text.plist.xml; path = Info.plist; sourceTree = "<group>"; };
/* End PBXFileReference section */

/* Begin PBXFrameworksBuildPhase section */
		3F4499C51E2701A6008B30E8 /* Frameworks */ = {
			isa = PBXFrameworksBuildPhase;
			buildActionMask = 2147483647;
			files = (
			);
			runOnlyForDeploymentPostprocessing = 0;
		};
		3F4499E61E2701A7008B30E8 /* Frameworks */ = {
			isa = PBXFrameworksBuildPhase;
			buildActionMask = 2147483647;
			files = (
			);
			runOnlyForDeploymentPostprocessing = 0;
		};
/* End PBXFrameworksBuildPhase section */

/* Begin PBXGroup section */
		3F4499BF1E2701A6008B30E8 = {
			isa = PBXGroup;
			children = (
				3F4499CA1E2701A6008B30E8 /* dailymood */,
				3F4499DE1E2701A6008B30E8 /* dailymood WatchKit App */,
				3F4499ED1E2701A7008B30E8 /* dailymood WatchKit Extension */,
				3F4499C91E2701A6008B30E8 /* Products */,
			);
			sourceTree = "<group>";
		};
		3F4499C91E2701A6008B30E8 /* Products */ = {
			isa = PBXGroup;
			children = (
				3F4499C81E2701A6008B30E8 /* dailymood.app */,
				3F4499DA1E2701A6008B30E8 /* dailymood WatchKit App.app */,
				3F4499E91E2701A7008B30E8 /* dailymood WatchKit Extension.appex */,
			);
			name = Products;
			sourceTree = "<group>";
		};
		3F4499CA1E2701A6008B30E8 /* dailymood */ = {
			isa = PBXGroup;
			children = (
				3F4499CB1E2701A6008B30E8 /* AppDelegate.swift */,
				3F4499CD1E2701A6008B30E8 /* ViewController.swift */,
				3F4499CF1E2701A6008B30E8 /* Main.storyboard */,
				3F4499D21E2701A6008B30E8 /* Assets.xcassets */,
				3F4499D41E2701A6008B30E8 /* LaunchScreen.storyboard */,
				3F4499D71E2701A6008B30E8 /* Info.plist */,
			);
			path = dailymood;
			sourceTree = "<group>";
		};
		3F4499DE1E2701A6008B30E8 /* dailymood WatchKit App */ = {
			isa = PBXGroup;
			children = (
				3F4499DF1E2701A6008B30E8 /* Interface.storyboard */,
				3F4499E21E2701A6008B30E8 /* Assets.xcassets */,
				3F4499E41E2701A6008B30E8 /* Info.plist */,
			);
			path = "dailymood WatchKit App";
			sourceTree = "<group>";
		};
		3F4499ED1E2701A7008B30E8 /* dailymood WatchKit Extension */ = {
			isa = PBXGroup;
			children = (
				3F4499F01E2701A7008B30E8 /* InterfaceController.swift */,
				3F4499F21E2701A7008B30E8 /* ExtensionDelegate.swift */,
				3F4499F41E2701A7008B30E8 /* NotificationController.swift */,
				3F4499F61E2701A7008B30E8 /* ComplicationController.swift */,
				3F4499F81E2701A7008B30E8 /* Assets.xcassets */,
				3F4499FA1E2701A7008B30E8 /* Info.plist */,
				3F4499EE1E2701A7008B30E8 /* Supporting Files */,
			);
			path = "dailymood WatchKit Extension";
			sourceTree = "<group>";
		};
		3F4499EE1E2701A7008B30E8 /* Supporting Files */ = {
			isa = PBXGroup;
			children = (
				3F4499EF1E2701A7008B30E8 /* PushNotificationPayload.apns */,
			);
			name = "Supporting Files";
			sourceTree = "<group>";
		};
/* End PBXGroup section */

/* Begin PBXNativeTarget section */
		3F4499C71E2701A6008B30E8 /* dailymood */ = {
			isa = PBXNativeTarget;
			buildConfigurationList = 3F449A051E2701A7008B30E8 /* Build configuration list for PBXNativeTarget "dailymood" */;
			buildPhases = (
				3F4499C41E2701A6008B30E8 /* Sources */,
				3F4499C51E2701A6008B30E8 /* Frameworks */,
				3F4499C61E2701A6008B30E8 /* Resources */,
				3F449A041E2701A7008B30E8 /* Embed Watch Content */,
			);
			buildRules = (
			);
			dependencies = (
				3F4499DD1E2701A6008B30E8 /* PBXTargetDependency */,
			);
			name = dailymood;
			productName = dailymood;
			productReference = 3F4499C81E2701A6008B30E8 /* dailymood.app */;
			productType = "com.apple.product-type.application";
		};
		3F4499D91E2701A6008B30E8 /* dailymood WatchKit App */ = {
			isa = PBXNativeTarget;
			buildConfigurationList = 3F449A011E2701A7008B30E8 /* Build configuration list for PBXNativeTarget "dailymood WatchKit App" */;
			buildPhases = (
				3F4499D81E2701A6008B30E8 /* Resources */,
				3F449A001E2701A7008B30E8 /* Embed App Extensions */,
			);
			buildRules = (
			);
			dependencies = (
				3F4499EC1E2701A7008B30E8 /* PBXTargetDependency */,
			);
			name = "dailymood WatchKit App";
			productName = "dailymood WatchKit App";
			productReference = 3F4499DA1E2701A6008B30E8 /* dailymood WatchKit App.app */;
			productType = "com.apple.product-type.application.watchapp2";
		};
		3F4499E81E2701A7008B30E8 /* dailymood WatchKit Extension */ = {
			isa = PBXNativeTarget;
			buildConfigurationList = 3F4499FD1E2701A7008B30E8 /* Build configuration list for PBXNativeTarget "dailymood WatchKit Extension" */;
			buildPhases = (
				3F4499E51E2701A7008B30E8 /* Sources */,
				3F4499E61E2701A7008B30E8 /* Frameworks */,
				3F4499E71E2701A7008B30E8 /* Resources */,
			);
			buildRules = (
			);
			dependencies = (
			);
			name = "dailymood WatchKit Extension";
			productName = "dailymood WatchKit Extension";
			productReference = 3F4499E91E2701A7008B30E8 /* dailymood WatchKit Extension.appex */;
			productType = "com.apple.product-type.watchkit2-extension";
		};
/* End PBXNativeTarget section */

/* Begin PBXProject section */
		3F4499C01E2701A6008B30E8 /* Project object */ = {
			isa = PBXProject;
			attributes = {
				LastSwiftUpdateCheck = 0810;
				LastUpgradeCheck = 0810;
				ORGANIZATIONNAME = AMGM;
				TargetAttributes = {
					3F4499C71E2701A6008B30E8 = {
						CreatedOnToolsVersion = 8.1;
						DevelopmentTeam = TZRX6AQ237;
						ProvisioningStyle = Automatic;
					};
					3F4499D91E2701A6008B30E8 = {
						CreatedOnToolsVersion = 8.1;
						DevelopmentTeam = TZRX6AQ237;
						ProvisioningStyle = Automatic;
					};
					3F4499E81E2701A7008B30E8 = {
						CreatedOnToolsVersion = 8.1;
						DevelopmentTeam = TZRX6AQ237;
						ProvisioningStyle = Automatic;
					};
				};
			};
			buildConfigurationList = 3F4499C31E2701A6008B30E8 /* Build configuration list for PBXProject "dailymood" */;
			compatibilityVersion = "Xcode 3.2";
			developmentRegion = English;
			hasScannedForEncodings = 0;
			knownRegions = (
				en,
				Base,
			);
			mainGroup = 3F4499BF1E2701A6008B30E8;
			productRefGroup = 3F4499C91E2701A6008B30E8 /* Products */;
			projectDirPath = "";
			projectRoot = "";
			targets = (
				3F4499C71E2701A6008B30E8 /* dailymood */,
				3F4499D91E2701A6008B30E8 /* dailymood WatchKit App */,
				3F4499E81E2701A7008B30E8 /* dailymood WatchKit Extension */,
			);
		};
/* End PBXProject section */

/* Begin PBXResourcesBuildPhase section */
		3F4499C61E2701A6008B30E8 /* Resources */ = {
			isa = PBXResourcesBuildPhase;
			buildActionMask = 2147483647;
			files = (
				3F4499D61E2701A6008B30E8 /* LaunchScreen.storyboard in Resources */,
				3F4499D31E2701A6008B30E8 /* Assets.xcassets in Resources */,
				3F4499D11E2701A6008B30E8 /* Main.storyboard in Resources */,
			);
			runOnlyForDeploymentPostprocessing = 0;
		};
		3F4499D81E2701A6008B30E8 /* Resources */ = {
			isa = PBXResourcesBuildPhase;
			buildActionMask = 2147483647;
			files = (
				3F4499E31E2701A6008B30E8 /* Assets.xcassets in Resources */,
				3F4499E11E2701A6008B30E8 /* Interface.storyboard in Resources */,
			);
			runOnlyForDeploymentPostprocessing = 0;
		};
		3F4499E71E2701A7008B30E8 /* Resources */ = {
			isa = PBXResourcesBuildPhase;
			buildActionMask = 2147483647;
			files = (
				3F4499F91E2701A7008B30E8 /* Assets.xcassets in Resources */,
			);
			runOnlyForDeploymentPostprocessing = 0;
		};
/* End PBXResourcesBuildPhase section */

/* Begin PBXSourcesBuildPhase section */
		3F4499C41E2701A6008B30E8 /* Sources */ = {
			isa = PBXSourcesBuildPhase;
			buildActionMask = 2147483647;
			files = (
				3F4499CE1E2701A6008B30E8 /* ViewController.swift in Sources */,
				3F4499CC1E2701A6008B30E8 /* AppDelegate.swift in Sources */,
			);
			runOnlyForDeploymentPostprocessing = 0;
		};
		3F4499E51E2701A7008B30E8 /* Sources */ = {
			isa = PBXSourcesBuildPhase;
			buildActionMask = 2147483647;
			files = (
				3F4499F51E2701A7008B30E8 /* NotificationController.swift in Sources */,
				3F4499F71E2701A7008B30E8 /* ComplicationController.swift in Sources */,
				3F4499F31E2701A7008B30E8 /* ExtensionDelegate.swift in Sources */,
				3F4499F11E2701A7008B30E8 /* InterfaceController.swift in Sources */,
			);
			runOnlyForDeploymentPostprocessing = 0;
		};
/* End PBXSourcesBuildPhase section */

/* Begin PBXTargetDependency section */
		3F4499DD1E2701A6008B30E8 /* PBXTargetDependency */ = {
			isa = PBXTargetDependency;
			target = 3F4499D91E2701A6008B30E8 /* dailymood WatchKit App */;
			targetProxy = 3F4499DC1E2701A6008B30E8 /* PBXContainerItemProxy */;
		};
		3F4499EC1E2701A7008B30E8 /* PBXTargetDependency */ = {
			isa = PBXTargetDependency;
			target = 3F4499E81E2701A7008B30E8 /* dailymood WatchKit Extension */;
			targetProxy = 3F4499EB1E2701A7008B30E8 /* PBXContainerItemProxy */;
		};
/* End PBXTargetDependency section */

/* Begin PBXVariantGroup section */
		3F4499CF1E2701A6008B30E8 /* Main.storyboard */ = {
			isa = PBXVariantGroup;
			children = (
				3F4499D01E2701A6008B30E8 /* Base */,
			);
			name = Main.storyboard;
			sourceTree = "<group>";
		};
		3F4499D41E2701A6008B30E8 /* LaunchScreen.storyboard */ = {
			isa = PBXVariantGroup;
			children = (
				3F4499D51E2701A6008B30E8 /* Base */,
			);
			name = LaunchScreen.storyboard;
			sourceTree = "<group>";
		};
		3F4499DF1E2701A6008B30E8 /* Interface.storyboard */ = {
			isa = PBXVariantGroup;
			children = (
				3F4499E01E2701A6008B30E8 /* Base */,
			);
			name = Interface.storyboard;
			sourceTree = "<group>";
		};
/* End PBXVariantGroup section */

/* Begin XCBuildConfiguration section */
		3F4499FB1E2701A7008B30E8 /* Debug */ = {
			isa = XCBuildConfiguration;
			buildSettings = {
				ALWAYS_SEARCH_USER_PATHS = NO;
				CLANG_ANALYZER_NONNULL = YES;
				CLANG_CXX_LANGUAGE_STANDARD = "gnu++0x";
				CLANG_CXX_LIBRARY = "libc++";
				CLANG_ENABLE_MODULES = YES;
				CLANG_ENABLE_OBJC_ARC = YES;
				CLANG_WARN_BOOL_CONVERSION = YES;
				CLANG_WARN_CONSTANT_CONVERSION = YES;
				CLANG_WARN_DIRECT_OBJC_ISA_USAGE = YES_ERROR;
				CLANG_WARN_DOCUMENTATION_COMMENTS = YES;
				CLANG_WARN_EMPTY_BODY = YES;
				CLANG_WARN_ENUM_CONVERSION = YES;
				CLANG_WARN_INFINITE_RECURSION = YES;
				CLANG_WARN_INT_CONVERSION = YES;
				CLANG_WARN_OBJC_ROOT_CLASS = YES_ERROR;
				CLANG_WARN_SUSPICIOUS_MOVES = YES;
				CLANG_WARN_UNREACHABLE_CODE = YES;
				CLANG_WARN__DUPLICATE_METHOD_MATCH = YES;
				"CODE_SIGN_IDENTITY[sdk=iphoneos*]" = "iPhone Developer";
				COPY_PHASE_STRIP = NO;
				DEBUG_INFORMATION_FORMAT = dwarf;
				ENABLE_STRICT_OBJC_MSGSEND = YES;
				ENABLE_TESTABILITY = YES;
				GCC_C_LANGUAGE_STANDARD = gnu99;
				GCC_DYNAMIC_NO_PIC = NO;
				GCC_NO_COMMON_BLOCKS = YES;
				GCC_OPTIMIZATION_LEVEL = 0;
				GCC_PREPROCESSOR_DEFINITIONS = (
					"DEBUG=1",
					"$(inherited)",
				);
				GCC_WARN_64_TO_32_BIT_CONVERSION = YES;
				GCC_WARN_ABOUT_RETURN_TYPE = YES_ERROR;
				GCC_WARN_UNDECLARED_SELECTOR = YES;
				GCC_WARN_UNINITIALIZED_AUTOS = YES_AGGRESSIVE;
				GCC_WARN_UNUSED_FUNCTION = YES;
				GCC_WARN_UNUSED_VARIABLE = YES;
				IPHONEOS_DEPLOYMENT_TARGET = 10.1;
				MTL_ENABLE_DEBUG_INFO = YES;
				ONLY_ACTIVE_ARCH = YES;
				SDKROOT = iphoneos;
				SWIFT_ACTIVE_COMPILATION_CONDITIONS = DEBUG;
				SWIFT_OPTIMIZATION_LEVEL = "-Onone";
			};
			name = Debug;
		};
		3F4499FC1E2701A7008B30E8 /* Release */ = {
			isa = XCBuildConfiguration;
			buildSettings = {
				ALWAYS_SEARCH_USER_PATHS = NO;
				CLANG_ANALYZER_NONNULL = YES;
				CLANG_CXX_LANGUAGE_STANDARD = "gnu++0x";
				CLANG_CXX_LIBRARY = "libc++";
				CLANG_ENABLE_MODULES = YES;
				CLANG_ENABLE_OBJC_ARC = YES;
				CLANG_WARN_BOOL_CONVERSION = YES;
				CLANG_WARN_CONSTANT_CONVERSION = YES;
				CLANG_WARN_DIRECT_OBJC_ISA_USAGE = YES_ERROR;
				CLANG_WARN_DOCUMENTATION_COMMENTS = YES;
				CLANG_WARN_EMPTY_BODY = YES;
				CLANG_WARN_ENUM_CONVERSION = YES;
				CLANG_WARN_INFINITE_RECURSION = YES;
				CLANG_WARN_INT_CONVERSION = YES;
				CLANG_WARN_OBJC_ROOT_CLASS = YES_ERROR;
				CLANG_WARN_SUSPICIOUS_MOVES = YES;
				CLANG_WARN_UNREACHABLE_CODE = YES;
				CLANG_WARN__DUPLICATE_METHOD_MATCH = YES;
				"CODE_SIGN_IDENTITY[sdk=iphoneos*]" = "iPhone Developer";
				COPY_PHASE_STRIP = NO;
				DEBUG_INFORMATION_FORMAT = "dwarf-with-dsym";
				ENABLE_NS_ASSERTIONS = NO;
				ENABLE_STRICT_OBJC_MSGSEND = YES;
				GCC_C_LANGUAGE_STANDARD = gnu99;
				GCC_NO_COMMON_BLOCKS = YES;
				GCC_WARN_64_TO_32_BIT_CONVERSION = YES;
				GCC_WARN_ABOUT_RETURN_TYPE = YES_ERROR;
				GCC_WARN_UNDECLARED_SELECTOR = YES;
				GCC_WARN_UNINITIALIZED_AUTOS = YES_AGGRESSIVE;
				GCC_WARN_UNUSED_FUNCTION = YES;
				GCC_WARN_UNUSED_VARIABLE = YES;
				IPHONEOS_DEPLOYMENT_TARGET = 10.1;
				MTL_ENABLE_DEBUG_INFO = NO;
				SDKROOT = iphoneos;
				SWIFT_OPTIMIZATION_LEVEL = "-Owholemodule";
				VALIDATE_PRODUCT = YES;
			};
			name = Release;
		};
		3F4499FE1E2701A7008B30E8 /* Debug */ = {
			isa = XCBuildConfiguration;
			buildSettings = {
				ASSETCATALOG_COMPILER_COMPLICATION_NAME = Complication;
				DEVELOPMENT_TEAM = TZRX6AQ237;
				INFOPLIST_FILE = "dailymood WatchKit Extension/Info.plist";
				LD_RUNPATH_SEARCH_PATHS = "$(inherited) @executable_path/Frameworks @executable_path/../../Frameworks";
				PRODUCT_BUNDLE_IDENTIFIER = com.amgm.dailymood.watchkitapp.watchkitextension;
				PRODUCT_NAME = "${TARGET_NAME}";
				SDKROOT = watchos;
				SKIP_INSTALL = YES;
				SWIFT_VERSION = 3.0;
				TARGETED_DEVICE_FAMILY = 4;
				WATCHOS_DEPLOYMENT_TARGET = 3.1;
			};
			name = Debug;
		};
		3F4499FF1E2701A7008B30E8 /* Release */ = {
			isa = XCBuildConfiguration;
			buildSettings = {
				ASSETCATALOG_COMPILER_COMPLICATION_NAME = Complication;
				DEVELOPMENT_TEAM = TZRX6AQ237;
				INFOPLIST_FILE = "dailymood WatchKit Extension/Info.plist";
				LD_RUNPATH_SEARCH_PATHS = "$(inherited) @executable_path/Frameworks @executable_path/../../Frameworks";
				PRODUCT_BUNDLE_IDENTIFIER = com.amgm.dailymood.watchkitapp.watchkitextension;
				PRODUCT_NAME = "${TARGET_NAME}";
				SDKROOT = watchos;
				SKIP_INSTALL = YES;
				SWIFT_VERSION = 3.0;
				TARGETED_DEVICE_FAMILY = 4;
				WATCHOS_DEPLOYMENT_TARGET = 3.1;
			};
			name = Release;
		};
		3F449A021E2701A7008B30E8 /* Debug */ = {
			isa = XCBuildConfiguration;
			buildSettings = {
				ALWAYS_EMBED_SWIFT_STANDARD_LIBRARIES = YES;
				ASSETCATALOG_COMPILER_APPICON_NAME = AppIcon;
				DEVELOPMENT_TEAM = TZRX6AQ237;
				IBSC_MODULE = dailymood_WatchKit_Extension;
				INFOPLIST_FILE = "dailymood WatchKit App/Info.plist";
				PRODUCT_BUNDLE_IDENTIFIER = com.amgm.dailymood.watchkitapp;
				PRODUCT_NAME = "$(TARGET_NAME)";
				SDKROOT = watchos;
				SKIP_INSTALL = YES;
				SWIFT_VERSION = 3.0;
				TARGETED_DEVICE_FAMILY = 4;
				WATCHOS_DEPLOYMENT_TARGET = 3.1;
			};
			name = Debug;
		};
		3F449A031E2701A7008B30E8 /* Release */ = {
			isa = XCBuildConfiguration;
			buildSettings = {
				ALWAYS_EMBED_SWIFT_STANDARD_LIBRARIES = YES;
				ASSETCATALOG_COMPILER_APPICON_NAME = AppIcon;
				DEVELOPMENT_TEAM = TZRX6AQ237;
				IBSC_MODULE = dailymood_WatchKit_Extension;
				INFOPLIST_FILE = "dailymood WatchKit App/Info.plist";
				PRODUCT_BUNDLE_IDENTIFIER = com.amgm.dailymood.watchkitapp;
				PRODUCT_NAME = "$(TARGET_NAME)";
				SDKROOT = watchos;
				SKIP_INSTALL = YES;
				SWIFT_VERSION = 3.0;
				TARGETED_DEVICE_FAMILY = 4;
				WATCHOS_DEPLOYMENT_TARGET = 3.1;
			};
			name = Release;
		};
		3F449A061E2701A7008B30E8 /* Debug */ = {
			isa = XCBuildConfiguration;
			buildSettings = {
				ASSETCATALOG_COMPILER_APPICON_NAME = AppIcon;
				DEVELOPMENT_TEAM = TZRX6AQ237;
				INFOPLIST_FILE = dailymood/Info.plist;
				LD_RUNPATH_SEARCH_PATHS = "$(inherited) @executable_path/Frameworks";
				PRODUCT_BUNDLE_IDENTIFIER = com.amgm.dailymood;
				PRODUCT_NAME = "$(TARGET_NAME)";
				SWIFT_VERSION = 3.0;
			};
			name = Debug;
		};
		3F449A071E2701A7008B30E8 /* Release */ = {
			isa = XCBuildConfiguration;
			buildSettings = {
				ASSETCATALOG_COMPILER_APPICON_NAME = AppIcon;
				DEVELOPMENT_TEAM = TZRX6AQ237;
				INFOPLIST_FILE = dailymood/Info.plist;
				LD_RUNPATH_SEARCH_PATHS = "$(inherited) @executable_path/Frameworks";
				PRODUCT_BUNDLE_IDENTIFIER = com.amgm.dailymood;
				PRODUCT_NAME = "$(TARGET_NAME)";
				SWIFT_VERSION = 3.0;
			};
			name = Release;
		};
/* End XCBuildConfiguration section */

/* Begin XCConfigurationList section */
		3F4499C31E2701A6008B30E8 /* Build configuration list for PBXProject "dailymood" */ = {
			isa = XCConfigurationList;
			buildConfigurations = (
				3F4499FB1E2701A7008B30E8 /* Debug */,
				3F4499FC1E2701A7008B30E8 /* Release */,
			);
			defaultConfigurationIsVisible = 0;
			defaultConfigurationName = Release;
		};
		3F4499FD1E2701A7008B30E8 /* Build configuration list for PBXNativeTarget "dailymood WatchKit Extension" */ = {
			isa = XCConfigurationList;
			buildConfigurations = (
				3F4499FE1E2701A7008B30E8 /* Debug */,
				3F4499FF1E2701A7008B30E8 /* Release */,
			);
			defaultConfigurationIsVisible = 0;
		};
		3F449A011E2701A7008B30E8 /* Build configuration list for PBXNativeTarget "dailymood WatchKit App" */ = {
			isa = XCConfigurationList;
			buildConfigurations = (
				3F449A021E2701A7008B30E8 /* Debug */,
				3F449A031E2701A7008B30E8 /* Release */,
			);
			defaultConfigurationIsVisible = 0;
		};
		3F449A051E2701A7008B30E8 /* Build configuration list for PBXNativeTarget "dailymood" */ = {
			isa = XCConfigurationList;
			buildConfigurations = (
				3F449A061E2701A7008B30E8 /* Debug */,
				3F449A071E2701A7008B30E8 /* Release */,
			);
			defaultConfigurationIsVisible = 0;
		};
/* End XCConfigurationList section */
	};
	rootObject = 3F4499C01E2701A6008B30E8 /* Project object */;
}
