// !$*UTF8*$!
{
	archiveVersion = 1;
	classes = {
	};
	objectVersion = 46;
	objects = {

/* Begin PBXBuildFile section */
		3F0208B81E3189EA007392DA /* MoodsInterfaceController.swift in Sources */ = {isa = PBXBuildFile; fileRef = 3F0208B71E3189EA007392DA /* MoodsInterfaceController.swift */; };
		3F0208BA1E318A35007392DA /* MoodRowController.swift in Sources */ = {isa = PBXBuildFile; fileRef = 3F0208B91E318A35007392DA /* MoodRowController.swift */; };
		3F4499CC1E2701A6008B30E8 /* AppDelegate.swift in Sources */ = {isa = PBXBuildFile; fileRef = 3F4499CB1E2701A6008B30E8 /* AppDelegate.swift */; };
		3F4499CE1E2701A6008B30E8 /* ViewController.swift in Sources */ = {isa = PBXBuildFile; fileRef = 3F4499CD1E2701A6008B30E8 /* ViewController.swift */; };
		3F4499D11E2701A6008B30E8 /* Main.storyboard in Resources */ = {isa = PBXBuildFile; fileRef = 3F4499CF1E2701A6008B30E8 /* Main.storyboard */; };
		3F4499D31E2701A6008B30E8 /* Assets.xcassets in Resources */ = {isa = PBXBuildFile; fileRef = 3F4499D21E2701A6008B30E8 /* Assets.xcassets */; };
		3F4499D61E2701A6008B30E8 /* LaunchScreen.storyboard in Resources */ = {isa = PBXBuildFile; fileRef = 3F4499D41E2701A6008B30E8 /* LaunchScreen.storyboard */; };
		3F4499DB1E2701A6008B30E8 /* dailymood WatchKit App.app in Embed Watch Content */ = {isa = PBXBuildFile; fileRef = 3F4499DA1E2701A6008B30E8 /* dailymood WatchKit App.app */; };
		3F4499E11E2701A6008B30E8 /* Interface.storyboard in Resources */ = {isa = PBXBuildFile; fileRef = 3F4499DF1E2701A6008B30E8 /* Interface.storyboard */; };
		3F4499E31E2701A6008B30E8 /* Assets.xcassets in Resources */ = {isa = PBXBuildFile; fileRef = 3F4499E21E2701A6008B30E8 /* Assets.xcassets */; };
		3F4499EA1E2701A7008B30E8 /* dailymood WatchKit Extension.appex in Embed App Extensions */ = {isa = PBXBuildFile; fileRef = 3F4499E91E2701A7008B30E8 /* dailymood WatchKit Extension.appex */; settings = {ATTRIBUTES = (RemoveHeadersOnCopy, ); }; };
		3F4499F11E2701A7008B30E8 /* InterfaceController.swift in Sources */ = {isa = PBXBuildFile; fileRef = 3F4499F01E2701A7008B30E8 /* InterfaceController.swift */; };
		3F4499F31E2701A7008B30E8 /* ExtensionDelegate.swift in Sources */ = {isa = PBXBuildFile; fileRef = 3F4499F21E2701A7008B30E8 /* ExtensionDelegate.swift */; };
		3F4499F51E2701A7008B30E8 /* NotificationController.swift in Sources */ = {isa = PBXBuildFile; fileRef = 3F4499F41E2701A7008B30E8 /* NotificationController.swift */; };
		3F4499F71E2701A7008B30E8 /* ComplicationController.swift in Sources */ = {isa = PBXBuildFile; fileRef = 3F4499F61E2701A7008B30E8 /* ComplicationController.swift */; };
		3F4499F91E2701A7008B30E8 /* Assets.xcassets in Resources */ = {isa = PBXBuildFile; fileRef = 3F4499F81E2701A7008B30E8 /* Assets.xcassets */; };
		3F4BCB801E39214000F4CA1F /* Mood.swift in Sources */ = {isa = PBXBuildFile; fileRef = 3F4BCB7F1E39214000F4CA1F /* Mood.swift */; };
		3F4BCB821E39575700F4CA1F /* MoodCell.swift in Sources */ = {isa = PBXBuildFile; fileRef = 3F4BCB811E39575700F4CA1F /* MoodCell.swift */; };
		3F4BCB841E39621400F4CA1F /* NotificationsInterfaceController.swift in Sources */ = {isa = PBXBuildFile; fileRef = 3F4BCB831E39621400F4CA1F /* NotificationsInterfaceController.swift */; };
		6F47331251B877F91ECD98CB /* Pods_dailymood.framework in Frameworks */ = {isa = PBXBuildFile; fileRef = E905614D22260DE665490BC2 /* Pods_dailymood.framework */; };
		7AB27E2CF2CF575EC6CC9E11 /* Pods_dailymood_WatchKit_App.framework in Frameworks */ = {isa = PBXBuildFile; fileRef = 0750D53F3218292458B15AFA /* Pods_dailymood_WatchKit_App.framework */; };
		AED71BB336ACB331B3E641C1 /* Pods_dailymood_WatchKit_Extension.framework in Frameworks */ = {isa = PBXBuildFile; fileRef = F6FB6B510943A461376EEEAF /* Pods_dailymood_WatchKit_Extension.framework */; };
/* End PBXBuildFile section */

/* Begin PBXContainerItemProxy section */
		3F4499DC1E2701A6008B30E8 /* PBXContainerItemProxy */ = {
			isa = PBXContainerItemProxy;
			containerPortal = 3F4499C01E2701A6008B30E8 /* Project object */;
			proxyType = 1;
			remoteGlobalIDString = 3F4499D91E2701A6008B30E8;
			remoteInfo = "dailymood WatchKit App";
		};
		3F4499EB1E2701A7008B30E8 /* PBXContainerItemProxy */ = {
			isa = PBXContainerItemProxy;
			containerPortal = 3F4499C01E2701A6008B30E8 /* Project object */;
			proxyType = 1;
			remoteGlobalIDString = 3F4499E81E2701A7008B30E8;
			remoteInfo = "dailymood WatchKit Extension";
		};
/* End PBXContainerItemProxy section */

/* Begin PBXCopyFilesBuildPhase section */
		3F449A001E2701A7008B30E8 /* Embed App Extensions */ = {
			isa = PBXCopyFilesBuildPhase;
			buildActionMask = 2147483647;
			dstPath = "";
			dstSubfolderSpec = 13;
			files = (
				3F4499EA1E2701A7008B30E8 /* dailymood WatchKit Extension.appex in Embed App Extensions */,
			);
			name = "Embed App Extensions";
			runOnlyForDeploymentPostprocessing = 0;
		};
		3F449A041E2701A7008B30E8 /* Embed Watch Content */ = {
			isa = PBXCopyFilesBuildPhase;
			buildActionMask = 2147483647;
			dstPath = "$(CONTENTS_FOLDER_PATH)/Watch";
			dstSubfolderSpec = 16;
			files = (
				3F4499DB1E2701A6008B30E8 /* dailymood WatchKit App.app in Embed Watch Content */,
			);
			name = "Embed Watch Content";
			runOnlyForDeploymentPostprocessing = 0;
		};
/* End PBXCopyFilesBuildPhase section */

/* Begin PBXFileReference section */
		0750D53F3218292458B15AFA /* Pods_dailymood_WatchKit_App.framework */ = {isa = PBXFileReference; explicitFileType = wrapper.framework; includeInIndex = 0; path = Pods_dailymood_WatchKit_App.framework; sourceTree = BUILT_PRODUCTS_DIR; };
		1E628F47B484897CAE7ABD77 /* Pods-dailymood.debug.xcconfig */ = {isa = PBXFileReference; includeInIndex = 1; lastKnownFileType = text.xcconfig; name = "Pods-dailymood.debug.xcconfig"; path = "Pods/Target Support Files/Pods-dailymood/Pods-dailymood.debug.xcconfig"; sourceTree = "<group>"; };
		34688F115BE9621CB9896792 /* Pods-dailymood WatchKit Extension.release.xcconfig */ = {isa = PBXFileReference; includeInIndex = 1; lastKnownFileType = text.xcconfig; name = "Pods-dailymood WatchKit Extension.release.xcconfig"; path = "Pods/Target Support Files/Pods-dailymood WatchKit Extension/Pods-dailymood WatchKit Extension.release.xcconfig"; sourceTree = "<group>"; };
		3F0208B71E3189EA007392DA /* MoodsInterfaceController.swift */ = {isa = PBXFileReference; fileEncoding = 4; lastKnownFileType = sourcecode.swift; path = MoodsInterfaceController.swift; sourceTree = "<group>"; };
		3F0208B91E318A35007392DA /* MoodRowController.swift */ = {isa = PBXFileReference; fileEncoding = 4; lastKnownFileType = sourcecode.swift; path = MoodRowController.swift; sourceTree = "<group>"; };
		3F4499C81E2701A6008B30E8 /* dailymood.app */ = {isa = PBXFileReference; explicitFileType = wrapper.application; includeInIndex = 0; path = dailymood.app; sourceTree = BUILT_PRODUCTS_DIR; };
		3F4499CB1E2701A6008B30E8 /* AppDelegate.swift */ = {isa = PBXFileReference; lastKnownFileType = sourcecode.swift; path = AppDelegate.swift; sourceTree = "<group>"; };
		3F4499CD1E2701A6008B30E8 /* ViewController.swift */ = {isa = PBXFileReference; lastKnownFileType = sourcecode.swift; path = ViewController.swift; sourceTree = "<group>"; };
		3F4499D01E2701A6008B30E8 /* Base */ = {isa = PBXFileReference; lastKnownFileType = file.storyboard; name = Base; path = Base.lproj/Main.storyboard; sourceTree = "<group>"; };
		3F4499D21E2701A6008B30E8 /* Assets.xcassets */ = {isa = PBXFileReference; lastKnownFileType = folder.assetcatalog; path = Assets.xcassets; sourceTree = "<group>"; };
		3F4499D51E2701A6008B30E8 /* Base */ = {isa = PBXFileReference; lastKnownFileType = file.storyboard; name = Base; path = Base.lproj/LaunchScreen.storyboard; sourceTree = "<group>"; };
		3F4499D71E2701A6008B30E8 /* Info.plist */ = {isa = PBXFileReference; lastKnownFileType = text.plist.xml; path = Info.plist; sourceTree = "<group>"; };
		3F4499DA1E2701A6008B30E8 /* dailymood WatchKit App.app */ = {isa = PBXFileReference; explicitFileType = wrapper.application; includeInIndex = 0; path = "dailymood WatchKit App.app"; sourceTree = BUILT_PRODUCTS_DIR; };
		3F4499E01E2701A6008B30E8 /* Base */ = {isa = PBXFileReference; lastKnownFileType = file.storyboard; name = Base; path = Base.lproj/Interface.storyboard; sourceTree = "<group>"; };
		3F4499E21E2701A6008B30E8 /* Assets.xcassets */ = {isa = PBXFileReference; lastKnownFileType = folder.assetcatalog; path = Assets.xcassets; sourceTree = "<group>"; };
		3F4499E41E2701A6008B30E8 /* Info.plist */ = {isa = PBXFileReference; lastKnownFileType = text.plist.xml; path = Info.plist; sourceTree = "<group>"; };
		3F4499E91E2701A7008B30E8 /* dailymood WatchKit Extension.appex */ = {isa = PBXFileReference; explicitFileType = "wrapper.app-extension"; includeInIndex = 0; path = "dailymood WatchKit Extension.appex"; sourceTree = BUILT_PRODUCTS_DIR; };
		3F4499EF1E2701A7008B30E8 /* PushNotificationPayload.apns */ = {isa = PBXFileReference; lastKnownFileType = text; path = PushNotificationPayload.apns; sourceTree = "<group>"; };
		3F4499F01E2701A7008B30E8 /* InterfaceController.swift */ = {isa = PBXFileReference; lastKnownFileType = sourcecode.swift; path = InterfaceController.swift; sourceTree = "<group>"; };
		3F4499F21E2701A7008B30E8 /* ExtensionDelegate.swift */ = {isa = PBXFileReference; lastKnownFileType = sourcecode.swift; path = ExtensionDelegate.swift; sourceTree = "<group>"; };
		3F4499F41E2701A7008B30E8 /* NotificationController.swift */ = {isa = PBXFileReference; lastKnownFileType = sourcecode.swift; path = NotificationController.swift; sourceTree = "<group>"; };
		3F4499F61E2701A7008B30E8 /* ComplicationController.swift */ = {isa = PBXFileReference; lastKnownFileType = sourcecode.swift; path = ComplicationController.swift; sourceTree = "<group>"; };
		3F4499F81E2701A7008B30E8 /* Assets.xcassets */ = {isa = PBXFileReference; lastKnownFileType = folder.assetcatalog; path = Assets.xcassets; sourceTree = "<group>"; };
		3F4499FA1E2701A7008B30E8 /* Info.plist */ = {isa = PBXFileReference; lastKnownFileType = text.plist.xml; path = Info.plist; sourceTree = "<group>"; };
		3F4BCB7F1E39214000F4CA1F /* Mood.swift */ = {isa = PBXFileReference; fileEncoding = 4; lastKnownFileType = sourcecode.swift; path = Mood.swift; sourceTree = "<group>"; };
		3F4BCB811E39575700F4CA1F /* MoodCell.swift */ = {isa = PBXFileReference; fileEncoding = 4; lastKnownFileType = sourcecode.swift; path = MoodCell.swift; sourceTree = "<group>"; };
		3F4BCB831E39621400F4CA1F /* NotificationsInterfaceController.swift */ = {isa = PBXFileReference; fileEncoding = 4; lastKnownFileType = sourcecode.swift; path = NotificationsInterfaceController.swift; sourceTree = "<group>"; };
		90A833445B186B6B0D6DEB5A /* Pods-dailymood WatchKit Extension.debug.xcconfig */ = {isa = PBXFileReference; includeInIndex = 1; lastKnownFileType = text.xcconfig; name = "Pods-dailymood WatchKit Extension.debug.xcconfig"; path = "Pods/Target Support Files/Pods-dailymood WatchKit Extension/Pods-dailymood WatchKit Extension.debug.xcconfig"; sourceTree = "<group>"; };
		B001BAA3BB0BEE4B16FFEE58 /* Pods-dailymood WatchKit App.release.xcconfig */ = {isa = PBXFileReference; includeInIndex = 1; lastKnownFileType = text.xcconfig; name = "Pods-dailymood WatchKit App.release.xcconfig"; path = "Pods/Target Support Files/Pods-dailymood WatchKit App/Pods-dailymood WatchKit App.release.xcconfig"; sourceTree = "<group>"; };
		B178F57C0E6E26A4A65E500C /* Pods-dailymood.release.xcconfig */ = {isa = PBXFileReference; includeInIndex = 1; lastKnownFileType = text.xcconfig; name = "Pods-dailymood.release.xcconfig"; path = "Pods/Target Support Files/Pods-dailymood/Pods-dailymood.release.xcconfig"; sourceTree = "<group>"; };
		D71C66697443A22E7998E317 /* Pods-dailymood WatchKit App.debug.xcconfig */ = {isa = PBXFileReference; includeInIndex = 1; lastKnownFileType = text.xcconfig; name = "Pods-dailymood WatchKit App.debug.xcconfig"; path = "Pods/Target Support Files/Pods-dailymood WatchKit App/Pods-dailymood WatchKit App.debug.xcconfig"; sourceTree = "<group>"; };
		E905614D22260DE665490BC2 /* Pods_dailymood.framework */ = {isa = PBXFileReference; explicitFileType = wrapper.framework; includeInIndex = 0; path = Pods_dailymood.framework; sourceTree = BUILT_PRODUCTS_DIR; };
		F6FB6B510943A461376EEEAF /* Pods_dailymood_WatchKit_Extension.framework */ = {isa = PBXFileReference; explicitFileType = wrapper.framework; includeInIndex = 0; path = Pods_dailymood_WatchKit_Extension.framework; sourceTree = BUILT_PRODUCTS_DIR; };
/* End PBXFileReference section */

/* Begin PBXFrameworksBuildPhase section */
		3F4499C51E2701A6008B30E8 /* Frameworks */ = {
			isa = PBXFrameworksBuildPhase;
			buildActionMask = 2147483647;
			files = (
				6F47331251B877F91ECD98CB /* Pods_dailymood.framework in Frameworks */,
			);
			runOnlyForDeploymentPostprocessing = 0;
		};
		3F4499E61E2701A7008B30E8 /* Frameworks */ = {
			isa = PBXFrameworksBuildPhase;
			buildActionMask = 2147483647;
			files = (
				AED71BB336ACB331B3E641C1 /* Pods_dailymood_WatchKit_Extension.framework in Frameworks */,
			);
			runOnlyForDeploymentPostprocessing = 0;
		};
		85181E2F52718937C86FB17D /* Frameworks */ = {
			isa = PBXFrameworksBuildPhase;
			buildActionMask = 2147483647;
			files = (
				7AB27E2CF2CF575EC6CC9E11 /* Pods_dailymood_WatchKit_App.framework in Frameworks */,
			);
			runOnlyForDeploymentPostprocessing = 0;
		};
/* End PBXFrameworksBuildPhase section */

/* Begin PBXGroup section */
		3F4499BF1E2701A6008B30E8 = {
			isa = PBXGroup;
			children = (
				3F4499CA1E2701A6008B30E8 /* dailymood */,
				3F4499DE1E2701A6008B30E8 /* dailymood WatchKit App */,
				3F4499ED1E2701A7008B30E8 /* dailymood WatchKit Extension */,
				3F4499C91E2701A6008B30E8 /* Products */,
				66675A463376845DE7AC389F /* Pods */,
				FAC5A2698953497CEF57194D /* Frameworks */,
			);
			sourceTree = "<group>";
		};
		3F4499C91E2701A6008B30E8 /* Products */ = {
			isa = PBXGroup;
			children = (
				3F4499C81E2701A6008B30E8 /* dailymood.app */,
				3F4499DA1E2701A6008B30E8 /* dailymood WatchKit App.app */,
				3F4499E91E2701A7008B30E8 /* dailymood WatchKit Extension.appex */,
			);
			name = Products;
			sourceTree = "<group>";
		};
		3F4499CA1E2701A6008B30E8 /* dailymood */ = {
			isa = PBXGroup;
			children = (
				3F4499CB1E2701A6008B30E8 /* AppDelegate.swift */,
				3F4499CD1E2701A6008B30E8 /* ViewController.swift */,
				3F4499CF1E2701A6008B30E8 /* Main.storyboard */,
				3F4499D21E2701A6008B30E8 /* Assets.xcassets */,
				3F4499D41E2701A6008B30E8 /* LaunchScreen.storyboard */,
				3F4499D71E2701A6008B30E8 /* Info.plist */,
				3F4BCB7F1E39214000F4CA1F /* Mood.swift */,
				3F4BCB811E39575700F4CA1F /* MoodCell.swift */,
			);
			path = dailymood;
			sourceTree = "<group>";
		};
		3F4499DE1E2701A6008B30E8 /* dailymood WatchKit App */ = {
			isa = PBXGroup;
			children = (
				3F4499DF1E2701A6008B30E8 /* Interface.storyboard */,
				3F4499E21E2701A6008B30E8 /* Assets.xcassets */,
				3F4499E41E2701A6008B30E8 /* Info.plist */,
			);
			path = "dailymood WatchKit App";
			sourceTree = "<group>";
		};
		3F4499ED1E2701A7008B30E8 /* dailymood WatchKit Extension */ = {
			isa = PBXGroup;
			children = (
				3F4499F21E2701A7008B30E8 /* ExtensionDelegate.swift */,
				3F4499F01E2701A7008B30E8 /* InterfaceController.swift */,
				3F4499F41E2701A7008B30E8 /* NotificationController.swift */,
				3F4499F61E2701A7008B30E8 /* ComplicationController.swift */,
				3F0208B71E3189EA007392DA /* MoodsInterfaceController.swift */,
				3F0208B91E318A35007392DA /* MoodRowController.swift */,
				3F4BCB831E39621400F4CA1F /* NotificationsInterfaceController.swift */,
				3F4499F81E2701A7008B30E8 /* Assets.xcassets */,
				3F4499FA1E2701A7008B30E8 /* Info.plist */,
				3F4499EE1E2701A7008B30E8 /* Supporting Files */,
			);
			path = "dailymood WatchKit Extension";
			sourceTree = "<group>";
		};
		3F4499EE1E2701A7008B30E8 /* Supporting Files */ = {
			isa = PBXGroup;
			children = (
				3F4499EF1E2701A7008B30E8 /* PushNotificationPayload.apns */,
			);
			name = "Supporting Files";
			sourceTree = "<group>";
		};
		66675A463376845DE7AC389F /* Pods */ = {
			isa = PBXGroup;
			children = (
				1E628F47B484897CAE7ABD77 /* Pods-dailymood.debug.xcconfig */,
				B178F57C0E6E26A4A65E500C /* Pods-dailymood.release.xcconfig */,
				D71C66697443A22E7998E317 /* Pods-dailymood WatchKit App.debug.xcconfig */,
				B001BAA3BB0BEE4B16FFEE58 /* Pods-dailymood WatchKit App.release.xcconfig */,
				90A833445B186B6B0D6DEB5A /* Pods-dailymood WatchKit Extension.debug.xcconfig */,
				34688F115BE9621CB9896792 /* Pods-dailymood WatchKit Extension.release.xcconfig */,
			);
			name = Pods;
			sourceTree = "<group>";
		};
		FAC5A2698953497CEF57194D /* Frameworks */ = {
			isa = PBXGroup;
			children = (
				E905614D22260DE665490BC2 /* Pods_dailymood.framework */,
				0750D53F3218292458B15AFA /* Pods_dailymood_WatchKit_App.framework */,
				F6FB6B510943A461376EEEAF /* Pods_dailymood_WatchKit_Extension.framework */,
			);
			name = Frameworks;
			sourceTree = "<group>";
		};
/* End PBXGroup section */

/* Begin PBXNativeTarget section */
		3F4499C71E2701A6008B30E8 /* dailymood */ = {
			isa = PBXNativeTarget;
			buildConfigurationList = 3F449A051E2701A7008B30E8 /* Build configuration list for PBXNativeTarget "dailymood" */;
			buildPhases = (
				C174B0967085BC2BE87FFED8 /* [CP] Check Pods Manifest.lock */,
				3F4499C41E2701A6008B30E8 /* Sources */,
				3F4499C51E2701A6008B30E8 /* Frameworks */,
				3F4499C61E2701A6008B30E8 /* Resources */,
				3F449A041E2701A7008B30E8 /* Embed Watch Content */,
				412F4BFBF2F1FAABE38F0D0B /* [CP] Embed Pods Frameworks */,
				5D88ECB48FB0C0F40E33CA3E /* [CP] Copy Pods Resources */,
				3F8501331E284E3A00A972AB /* ShellScript */,
			);
			buildRules = (
			);
			dependencies = (
				3F4499DD1E2701A6008B30E8 /* PBXTargetDependency */,
			);
			name = dailymood;
			productName = dailymood;
			productReference = 3F4499C81E2701A6008B30E8 /* dailymood.app */;
			productType = "com.apple.product-type.application";
		};
		3F4499D91E2701A6008B30E8 /* dailymood WatchKit App */ = {
			isa = PBXNativeTarget;
			buildConfigurationList = 3F449A011E2701A7008B30E8 /* Build configuration list for PBXNativeTarget "dailymood WatchKit App" */;
			buildPhases = (
				53C8A1DCEECB8FD97B9AE2A8 /* [CP] Check Pods Manifest.lock */,
				3F4499D81E2701A6008B30E8 /* Resources */,
				3F449A001E2701A7008B30E8 /* Embed App Extensions */,
				85181E2F52718937C86FB17D /* Frameworks */,
				B60A4A3CA8736424F26D84D6 /* [CP] Copy Pods Resources */,
			);
			buildRules = (
			);
			dependencies = (
				3F4499EC1E2701A7008B30E8 /* PBXTargetDependency */,
			);
			name = "dailymood WatchKit App";
			productName = "dailymood WatchKit App";
			productReference = 3F4499DA1E2701A6008B30E8 /* dailymood WatchKit App.app */;
			productType = "com.apple.product-type.application.watchapp2";
		};
		3F4499E81E2701A7008B30E8 /* dailymood WatchKit Extension */ = {
			isa = PBXNativeTarget;
			buildConfigurationList = 3F4499FD1E2701A7008B30E8 /* Build configuration list for PBXNativeTarget "dailymood WatchKit Extension" */;
			buildPhases = (
				A2853EEBC7508FF3F2517D87 /* [CP] Check Pods Manifest.lock */,
				3F4499E51E2701A7008B30E8 /* Sources */,
				3F4499E61E2701A7008B30E8 /* Frameworks */,
				3F4499E71E2701A7008B30E8 /* Resources */,
				A49301D1AD1889E805665624 /* [CP] Embed Pods Frameworks */,
				0AAE470B393C98BDA9D1C1C5 /* [CP] Copy Pods Resources */,
			);
			buildRules = (
			);
			dependencies = (
			);
			name = "dailymood WatchKit Extension";
			productName = "dailymood WatchKit Extension";
			productReference = 3F4499E91E2701A7008B30E8 /* dailymood WatchKit Extension.appex */;
			productType = "com.apple.product-type.watchkit2-extension";
		};
/* End PBXNativeTarget section */

/* Begin PBXProject section */
		3F4499C01E2701A6008B30E8 /* Project object */ = {
			isa = PBXProject;
			attributes = {
				LastSwiftUpdateCheck = 0810;
				LastUpgradeCheck = 0810;
				ORGANIZATIONNAME = AMGM;
				TargetAttributes = {
					3F4499C71E2701A6008B30E8 = {
						CreatedOnToolsVersion = 8.1;
						DevelopmentTeam = TZRX6AQ237;
						ProvisioningStyle = Automatic;
					};
					3F4499D91E2701A6008B30E8 = {
						CreatedOnToolsVersion = 8.1;
						DevelopmentTeam = TZRX6AQ237;
						ProvisioningStyle = Automatic;
					};
					3F4499E81E2701A7008B30E8 = {
						CreatedOnToolsVersion = 8.1;
						DevelopmentTeam = TZRX6AQ237;
						ProvisioningStyle = Automatic;
					};
				};
			};
			buildConfigurationList = 3F4499C31E2701A6008B30E8 /* Build configuration list for PBXProject "dailymood" */;
			compatibilityVersion = "Xcode 3.2";
			developmentRegion = English;
			hasScannedForEncodings = 0;
			knownRegions = (
				en,
				Base,
			);
			mainGroup = 3F4499BF1E2701A6008B30E8;
			productRefGroup = 3F4499C91E2701A6008B30E8 /* Products */;
			projectDirPath = "";
			projectRoot = "";
			targets = (
				3F4499C71E2701A6008B30E8 /* dailymood */,
				3F4499D91E2701A6008B30E8 /* dailymood WatchKit App */,
				3F4499E81E2701A7008B30E8 /* dailymood WatchKit Extension */,
			);
		};
/* End PBXProject section */

/* Begin PBXResourcesBuildPhase section */
		3F4499C61E2701A6008B30E8 /* Resources */ = {
			isa = PBXResourcesBuildPhase;
			buildActionMask = 2147483647;
			files = (
				3F4499D61E2701A6008B30E8 /* LaunchScreen.storyboard in Resources */,
				3F4499D31E2701A6008B30E8 /* Assets.xcassets in Resources */,
				3F4499D11E2701A6008B30E8 /* Main.storyboard in Resources */,
			);
			runOnlyForDeploymentPostprocessing = 0;
		};
		3F4499D81E2701A6008B30E8 /* Resources */ = {
			isa = PBXResourcesBuildPhase;
			buildActionMask = 2147483647;
			files = (
				3F4499E31E2701A6008B30E8 /* Assets.xcassets in Resources */,
				3F4499E11E2701A6008B30E8 /* Interface.storyboard in Resources */,
			);
			runOnlyForDeploymentPostprocessing = 0;
		};
		3F4499E71E2701A7008B30E8 /* Resources */ = {
			isa = PBXResourcesBuildPhase;
			buildActionMask = 2147483647;
			files = (
				3F4499F91E2701A7008B30E8 /* Assets.xcassets in Resources */,
			);
			runOnlyForDeploymentPostprocessing = 0;
		};
/* End PBXResourcesBuildPhase section */

/* Begin PBXShellScriptBuildPhase section */
		0AAE470B393C98BDA9D1C1C5 /* [CP] Copy Pods Resources */ = {
			isa = PBXShellScriptBuildPhase;
			buildActionMask = 2147483647;
			files = (
			);
			inputPaths = (
			);
			name = "[CP] Copy Pods Resources";
			outputPaths = (
			);
			runOnlyForDeploymentPostprocessing = 0;
			shellPath = /bin/sh;
			shellScript = "\"${SRCROOT}/Pods/Target Support Files/Pods-dailymood WatchKit Extension/Pods-dailymood WatchKit Extension-resources.sh\"\n";
			showEnvVarsInLog = 0;
		};
		3F8501331E284E3A00A972AB /* ShellScript */ = {
			isa = PBXShellScriptBuildPhase;
			buildActionMask = 2147483647;
			files = (
			);
			inputPaths = (
			);
			outputPaths = (
			);
			runOnlyForDeploymentPostprocessing = 0;
			shellPath = /bin/sh;
			shellScript = "\"${PODS_ROOT}/Fabric/run\" e710d0677c3dfae4aa9b5579701895fd4d273bd0 ce30eeabefc00718997b19c220f2fd7cdfeb152ea511449e6d117a17272bb1d7";
		};
		412F4BFBF2F1FAABE38F0D0B /* [CP] Embed Pods Frameworks */ = {
			isa = PBXShellScriptBuildPhase;
			buildActionMask = 2147483647;
			files = (
			);
			inputPaths = (
			);
			name = "[CP] Embed Pods Frameworks";
			outputPaths = (
			);
			runOnlyForDeploymentPostprocessing = 0;
			shellPath = /bin/sh;
			shellScript = "\"${SRCROOT}/Pods/Target Support Files/Pods-dailymood/Pods-dailymood-frameworks.sh\"\n";
			showEnvVarsInLog = 0;
		};
		53C8A1DCEECB8FD97B9AE2A8 /* [CP] Check Pods Manifest.lock */ = {
			isa = PBXShellScriptBuildPhase;
			buildActionMask = 2147483647;
			files = (
			);
			inputPaths = (
			);
			name = "[CP] Check Pods Manifest.lock";
			outputPaths = (
			);
			runOnlyForDeploymentPostprocessing = 0;
			shellPath = /bin/sh;
			shellScript = "diff \"${PODS_ROOT}/../Podfile.lock\" \"${PODS_ROOT}/Manifest.lock\" > /dev/null\nif [ $? != 0 ] ; then\n    # print error to STDERR\n    echo \"error: The sandbox is not in sync with the Podfile.lock. Run 'pod install' or update your CocoaPods installation.\" >&2\n    exit 1\nfi\n";
			showEnvVarsInLog = 0;
		};
		5D88ECB48FB0C0F40E33CA3E /* [CP] Copy Pods Resources */ = {
			isa = PBXShellScriptBuildPhase;
			buildActionMask = 2147483647;
			files = (
			);
			inputPaths = (
			);
			name = "[CP] Copy Pods Resources";
			outputPaths = (
			);
			runOnlyForDeploymentPostprocessing = 0;
			shellPath = /bin/sh;
			shellScript = "\"${SRCROOT}/Pods/Target Support Files/Pods-dailymood/Pods-dailymood-resources.sh\"\n";
			showEnvVarsInLog = 0;
		};
		A2853EEBC7508FF3F2517D87 /* [CP] Check Pods Manifest.lock */ = {
			isa = PBXShellScriptBuildPhase;
			buildActionMask = 2147483647;
			files = (
			);
			inputPaths = (
			);
			name = "[CP] Check Pods Manifest.lock";
			outputPaths = (
			);
			runOnlyForDeploymentPostprocessing = 0;
			shellPath = /bin/sh;
			shellScript = "diff \"${PODS_ROOT}/../Podfile.lock\" \"${PODS_ROOT}/Manifest.lock\" > /dev/null\nif [ $? != 0 ] ; then\n    # print error to STDERR\n    echo \"error: The sandbox is not in sync with the Podfile.lock. Run 'pod install' or update your CocoaPods installation.\" >&2\n    exit 1\nfi\n";
			showEnvVarsInLog = 0;
		};
		A49301D1AD1889E805665624 /* [CP] Embed Pods Frameworks */ = {
			isa = PBXShellScriptBuildPhase;
			buildActionMask = 2147483647;
			files = (
			);
			inputPaths = (
			);
			name = "[CP] Embed Pods Frameworks";
			outputPaths = (
			);
			runOnlyForDeploymentPostprocessing = 0;
			shellPath = /bin/sh;
			shellScript = "\"${SRCROOT}/Pods/Target Support Files/Pods-dailymood WatchKit Extension/Pods-dailymood WatchKit Extension-frameworks.sh\"\n";
			showEnvVarsInLog = 0;
		};
		B60A4A3CA8736424F26D84D6 /* [CP] Copy Pods Resources */ = {
			isa = PBXShellScriptBuildPhase;
			buildActionMask = 2147483647;
			files = (
			);
			inputPaths = (
			);
			name = "[CP] Copy Pods Resources";
			outputPaths = (
			);
			runOnlyForDeploymentPostprocessing = 0;
			shellPath = /bin/sh;
			shellScript = "\"${SRCROOT}/Pods/Target Support Files/Pods-dailymood WatchKit App/Pods-dailymood WatchKit App-resources.sh\"\n";
			showEnvVarsInLog = 0;
		};
		C174B0967085BC2BE87FFED8 /* [CP] Check Pods Manifest.lock */ = {
			isa = PBXShellScriptBuildPhase;
			buildActionMask = 2147483647;
			files = (
			);
			inputPaths = (
			);
			name = "[CP] Check Pods Manifest.lock";
			outputPaths = (
			);
			runOnlyForDeploymentPostprocessing = 0;
			shellPath = /bin/sh;
			shellScript = "diff \"${PODS_ROOT}/../Podfile.lock\" \"${PODS_ROOT}/Manifest.lock\" > /dev/null\nif [ $? != 0 ] ; then\n    # print error to STDERR\n    echo \"error: The sandbox is not in sync with the Podfile.lock. Run 'pod install' or update your CocoaPods installation.\" >&2\n    exit 1\nfi\n";
			showEnvVarsInLog = 0;
		};
/* End PBXShellScriptBuildPhase section */

/* Begin PBXSourcesBuildPhase section */
		3F4499C41E2701A6008B30E8 /* Sources */ = {
			isa = PBXSourcesBuildPhase;
			buildActionMask = 2147483647;
			files = (
				3F4BCB821E39575700F4CA1F /* MoodCell.swift in Sources */,
				3F4BCB801E39214000F4CA1F /* Mood.swift in Sources */,
				3F4499CE1E2701A6008B30E8 /* ViewController.swift in Sources */,
				3F4499CC1E2701A6008B30E8 /* AppDelegate.swift in Sources */,
			);
			runOnlyForDeploymentPostprocessing = 0;
		};
		3F4499E51E2701A7008B30E8 /* Sources */ = {
			isa = PBXSourcesBuildPhase;
			buildActionMask = 2147483647;
			files = (
				3F0208B81E3189EA007392DA /* MoodsInterfaceController.swift in Sources */,
				3F4499F51E2701A7008B30E8 /* NotificationController.swift in Sources */,
				3F4499F71E2701A7008B30E8 /* ComplicationController.swift in Sources */,
				3F0208BA1E318A35007392DA /* MoodRowController.swift in Sources */,
				3F4BCB841E39621400F4CA1F /* NotificationsInterfaceController.swift in Sources */,
				3F4499F31E2701A7008B30E8 /* ExtensionDelegate.swift in Sources */,
				3F4499F11E2701A7008B30E8 /* InterfaceController.swift in Sources */,
			);
			runOnlyForDeploymentPostprocessing = 0;
		};
/* End PBXSourcesBuildPhase section */

/* Begin PBXTargetDependency section */
		3F4499DD1E2701A6008B30E8 /* PBXTargetDependency */ = {
			isa = PBXTargetDependency;
			target = 3F4499D91E2701A6008B30E8 /* dailymood WatchKit App */;
			targetProxy = 3F4499DC1E2701A6008B30E8 /* PBXContainerItemProxy */;
		};
		3F4499EC1E2701A7008B30E8 /* PBXTargetDependency */ = {
			isa = PBXTargetDependency;
			target = 3F4499E81E2701A7008B30E8 /* dailymood WatchKit Extension */;
			targetProxy = 3F4499EB1E2701A7008B30E8 /* PBXContainerItemProxy */;
		};
/* End PBXTargetDependency section */

/* Begin PBXVariantGroup section */
		3F4499CF1E2701A6008B30E8 /* Main.storyboard */ = {
			isa = PBXVariantGroup;
			children = (
				3F4499D01E2701A6008B30E8 /* Base */,
			);
			name = Main.storyboard;
			sourceTree = "<group>";
		};
		3F4499D41E2701A6008B30E8 /* LaunchScreen.storyboard */ = {
			isa = PBXVariantGroup;
			children = (
				3F4499D51E2701A6008B30E8 /* Base */,
			);
			name = LaunchScreen.storyboard;
			sourceTree = "<group>";
		};
		3F4499DF1E2701A6008B30E8 /* Interface.storyboard */ = {
			isa = PBXVariantGroup;
			children = (
				3F4499E01E2701A6008B30E8 /* Base */,
			);
			name = Interface.storyboard;
			sourceTree = "<group>";
		};
/* End PBXVariantGroup section */

/* Begin XCBuildConfiguration section */
		3F4499FB1E2701A7008B30E8 /* Debug */ = {
			isa = XCBuildConfiguration;
			buildSettings = {
				ALWAYS_SEARCH_USER_PATHS = NO;
				CLANG_ANALYZER_NONNULL = YES;
				CLANG_CXX_LANGUAGE_STANDARD = "gnu++0x";
				CLANG_CXX_LIBRARY = "libc++";
				CLANG_ENABLE_MODULES = YES;
				CLANG_ENABLE_OBJC_ARC = YES;
				CLANG_WARN_BOOL_CONVERSION = YES;
				CLANG_WARN_CONSTANT_CONVERSION = YES;
				CLANG_WARN_DIRECT_OBJC_ISA_USAGE = YES_ERROR;
				CLANG_WARN_DOCUMENTATION_COMMENTS = YES;
				CLANG_WARN_EMPTY_BODY = YES;
				CLANG_WARN_ENUM_CONVERSION = YES;
				CLANG_WARN_INFINITE_RECURSION = YES;
				CLANG_WARN_INT_CONVERSION = YES;
				CLANG_WARN_OBJC_ROOT_CLASS = YES_ERROR;
				CLANG_WARN_SUSPICIOUS_MOVES = YES;
				CLANG_WARN_UNREACHABLE_CODE = YES;
				CLANG_WARN__DUPLICATE_METHOD_MATCH = YES;
				"CODE_SIGN_IDENTITY[sdk=iphoneos*]" = "iPhone Developer";
				COPY_PHASE_STRIP = NO;
				DEBUG_INFORMATION_FORMAT = dwarf;
				ENABLE_STRICT_OBJC_MSGSEND = YES;
				ENABLE_TESTABILITY = YES;
				GCC_C_LANGUAGE_STANDARD = gnu99;
				GCC_DYNAMIC_NO_PIC = NO;
				GCC_NO_COMMON_BLOCKS = YES;
				GCC_OPTIMIZATION_LEVEL = 0;
				GCC_PREPROCESSOR_DEFINITIONS = (
					"DEBUG=1",
					"$(inherited)",
				);
				GCC_WARN_64_TO_32_BIT_CONVERSION = YES;
				GCC_WARN_ABOUT_RETURN_TYPE = YES_ERROR;
				GCC_WARN_UNDECLARED_SELECTOR = YES;
				GCC_WARN_UNINITIALIZED_AUTOS = YES_AGGRESSIVE;
				GCC_WARN_UNUSED_FUNCTION = YES;
				GCC_WARN_UNUSED_VARIABLE = YES;
				IPHONEOS_DEPLOYMENT_TARGET = 10.1;
				MTL_ENABLE_DEBUG_INFO = YES;
				ONLY_ACTIVE_ARCH = YES;
				SDKROOT = iphoneos;
				SWIFT_ACTIVE_COMPILATION_CONDITIONS = DEBUG;
				SWIFT_OPTIMIZATION_LEVEL = "-Onone";
			};
			name = Debug;
		};
		3F4499FC1E2701A7008B30E8 /* Release */ = {
			isa = XCBuildConfiguration;
			buildSettings = {
				ALWAYS_SEARCH_USER_PATHS = NO;
				CLANG_ANALYZER_NONNULL = YES;
				CLANG_CXX_LANGUAGE_STANDARD = "gnu++0x";
				CLANG_CXX_LIBRARY = "libc++";
				CLANG_ENABLE_MODULES = YES;
				CLANG_ENABLE_OBJC_ARC = YES;
				CLANG_WARN_BOOL_CONVERSION = YES;
				CLANG_WARN_CONSTANT_CONVERSION = YES;
				CLANG_WARN_DIRECT_OBJC_ISA_USAGE = YES_ERROR;
				CLANG_WARN_DOCUMENTATION_COMMENTS = YES;
				CLANG_WARN_EMPTY_BODY = YES;
				CLANG_WARN_ENUM_CONVERSION = YES;
				CLANG_WARN_INFINITE_RECURSION = YES;
				CLANG_WARN_INT_CONVERSION = YES;
				CLANG_WARN_OBJC_ROOT_CLASS = YES_ERROR;
				CLANG_WARN_SUSPICIOUS_MOVES = YES;
				CLANG_WARN_UNREACHABLE_CODE = YES;
				CLANG_WARN__DUPLICATE_METHOD_MATCH = YES;
				"CODE_SIGN_IDENTITY[sdk=iphoneos*]" = "iPhone Developer";
				COPY_PHASE_STRIP = NO;
				DEBUG_INFORMATION_FORMAT = "dwarf-with-dsym";
				ENABLE_NS_ASSERTIONS = NO;
				ENABLE_STRICT_OBJC_MSGSEND = YES;
				GCC_C_LANGUAGE_STANDARD = gnu99;
				GCC_NO_COMMON_BLOCKS = YES;
				GCC_WARN_64_TO_32_BIT_CONVERSION = YES;
				GCC_WARN_ABOUT_RETURN_TYPE = YES_ERROR;
				GCC_WARN_UNDECLARED_SELECTOR = YES;
				GCC_WARN_UNINITIALIZED_AUTOS = YES_AGGRESSIVE;
				GCC_WARN_UNUSED_FUNCTION = YES;
				GCC_WARN_UNUSED_VARIABLE = YES;
				IPHONEOS_DEPLOYMENT_TARGET = 10.1;
				MTL_ENABLE_DEBUG_INFO = NO;
				SDKROOT = iphoneos;
				SWIFT_OPTIMIZATION_LEVEL = "-Owholemodule";
				VALIDATE_PRODUCT = YES;
			};
			name = Release;
		};
		3F4499FE1E2701A7008B30E8 /* Debug */ = {
			isa = XCBuildConfiguration;
			baseConfigurationReference = 90A833445B186B6B0D6DEB5A /* Pods-dailymood WatchKit Extension.debug.xcconfig */;
			buildSettings = {
				ASSETCATALOG_COMPILER_COMPLICATION_NAME = Complication;
				DEVELOPMENT_TEAM = TZRX6AQ237;
				INFOPLIST_FILE = "dailymood WatchKit Extension/Info.plist";
				LD_RUNPATH_SEARCH_PATHS = "$(inherited) @executable_path/Frameworks @executable_path/../../Frameworks";
				PRODUCT_BUNDLE_IDENTIFIER = com.amgm.dailymood.watchkitapp.watchkitextension;
				PRODUCT_NAME = "${TARGET_NAME}";
				SDKROOT = watchos;
				SKIP_INSTALL = YES;
				SWIFT_VERSION = 3.0;
				TARGETED_DEVICE_FAMILY = 4;
				WATCHOS_DEPLOYMENT_TARGET = 3.1;
			};
			name = Debug;
		};
		3F4499FF1E2701A7008B30E8 /* Release */ = {
			isa = XCBuildConfiguration;
			baseConfigurationReference = 34688F115BE9621CB9896792 /* Pods-dailymood WatchKit Extension.release.xcconfig */;
			buildSettings = {
				ASSETCATALOG_COMPILER_COMPLICATION_NAME = Complication;
				DEVELOPMENT_TEAM = TZRX6AQ237;
				INFOPLIST_FILE = "dailymood WatchKit Extension/Info.plist";
				LD_RUNPATH_SEARCH_PATHS = "$(inherited) @executable_path/Frameworks @executable_path/../../Frameworks";
				PRODUCT_BUNDLE_IDENTIFIER = com.amgm.dailymood.watchkitapp.watchkitextension;
				PRODUCT_NAME = "${TARGET_NAME}";
				SDKROOT = watchos;
				SKIP_INSTALL = YES;
				SWIFT_VERSION = 3.0;
				TARGETED_DEVICE_FAMILY = 4;
				WATCHOS_DEPLOYMENT_TARGET = 3.1;
			};
			name = Release;
		};
		3F449A021E2701A7008B30E8 /* Debug */ = {
			isa = XCBuildConfiguration;
			baseConfigurationReference = D71C66697443A22E7998E317 /* Pods-dailymood WatchKit App.debug.xcconfig */;
			buildSettings = {
				ALWAYS_EMBED_SWIFT_STANDARD_LIBRARIES = YES;
				ASSETCATALOG_COMPILER_APPICON_NAME = AppIcon;
				DEVELOPMENT_TEAM = TZRX6AQ237;
				IBSC_MODULE = dailymood_WatchKit_Extension;
				INFOPLIST_FILE = "dailymood WatchKit App/Info.plist";
				PRODUCT_BUNDLE_IDENTIFIER = com.amgm.dailymood.watchkitapp;
				PRODUCT_NAME = "$(TARGET_NAME)";
				SDKROOT = watchos;
				SKIP_INSTALL = YES;
				SWIFT_VERSION = 3.0;
				TARGETED_DEVICE_FAMILY = 4;
				WATCHOS_DEPLOYMENT_TARGET = 3.1;
			};
			name = Debug;
		};
		3F449A031E2701A7008B30E8 /* Release */ = {
			isa = XCBuildConfiguration;
			baseConfigurationReference = B001BAA3BB0BEE4B16FFEE58 /* Pods-dailymood WatchKit App.release.xcconfig */;
			buildSettings = {
				ALWAYS_EMBED_SWIFT_STANDARD_LIBRARIES = YES;
				ASSETCATALOG_COMPILER_APPICON_NAME = AppIcon;
				DEVELOPMENT_TEAM = TZRX6AQ237;
				IBSC_MODULE = dailymood_WatchKit_Extension;
				INFOPLIST_FILE = "dailymood WatchKit App/Info.plist";
				PRODUCT_BUNDLE_IDENTIFIER = com.amgm.dailymood.watchkitapp;
				PRODUCT_NAME = "$(TARGET_NAME)";
				SDKROOT = watchos;
				SKIP_INSTALL = YES;
				SWIFT_VERSION = 3.0;
				TARGETED_DEVICE_FAMILY = 4;
				WATCHOS_DEPLOYMENT_TARGET = 3.1;
			};
			name = Release;
		};
		3F449A061E2701A7008B30E8 /* Debug */ = {
			isa = XCBuildConfiguration;
			baseConfigurationReference = 1E628F47B484897CAE7ABD77 /* Pods-dailymood.debug.xcconfig */;
			buildSettings = {
				ASSETCATALOG_COMPILER_APPICON_NAME = AppIcon;
				DEVELOPMENT_TEAM = TZRX6AQ237;
				INFOPLIST_FILE = dailymood/Info.plist;
				LD_RUNPATH_SEARCH_PATHS = "$(inherited) @executable_path/Frameworks";
				PRODUCT_BUNDLE_IDENTIFIER = com.amgm.dailymood;
				PRODUCT_NAME = "$(TARGET_NAME)";
				SWIFT_VERSION = 3.0;
			};
			name = Debug;
		};
		3F449A071E2701A7008B30E8 /* Release */ = {
			isa = XCBuildConfiguration;
			baseConfigurationReference = B178F57C0E6E26A4A65E500C /* Pods-dailymood.release.xcconfig */;
			buildSettings = {
				ASSETCATALOG_COMPILER_APPICON_NAME = AppIcon;
				DEVELOPMENT_TEAM = TZRX6AQ237;
				INFOPLIST_FILE = dailymood/Info.plist;
				LD_RUNPATH_SEARCH_PATHS = "$(inherited) @executable_path/Frameworks";
				PRODUCT_BUNDLE_IDENTIFIER = com.amgm.dailymood;
				PRODUCT_NAME = "$(TARGET_NAME)";
				SWIFT_VERSION = 3.0;
			};
			name = Release;
		};
/* End XCBuildConfiguration section */

/* Begin XCConfigurationList section */
		3F4499C31E2701A6008B30E8 /* Build configuration list for PBXProject "dailymood" */ = {
			isa = XCConfigurationList;
			buildConfigurations = (
				3F4499FB1E2701A7008B30E8 /* Debug */,
				3F4499FC1E2701A7008B30E8 /* Release */,
			);
			defaultConfigurationIsVisible = 0;
			defaultConfigurationName = Release;
		};
		3F4499FD1E2701A7008B30E8 /* Build configuration list for PBXNativeTarget "dailymood WatchKit Extension" */ = {
			isa = XCConfigurationList;
			buildConfigurations = (
				3F4499FE1E2701A7008B30E8 /* Debug */,
				3F4499FF1E2701A7008B30E8 /* Release */,
			);
			defaultConfigurationIsVisible = 0;
			defaultConfigurationName = Release;
		};
		3F449A011E2701A7008B30E8 /* Build configuration list for PBXNativeTarget "dailymood WatchKit App" */ = {
			isa = XCConfigurationList;
			buildConfigurations = (
				3F449A021E2701A7008B30E8 /* Debug */,
				3F449A031E2701A7008B30E8 /* Release */,
			);
			defaultConfigurationIsVisible = 0;
			defaultConfigurationName = Release;
		};
		3F449A051E2701A7008B30E8 /* Build configuration list for PBXNativeTarget "dailymood" */ = {
			isa = XCConfigurationList;
			buildConfigurations = (
				3F449A061E2701A7008B30E8 /* Debug */,
				3F449A071E2701A7008B30E8 /* Release */,
			);
			defaultConfigurationIsVisible = 0;
			defaultConfigurationName = Release;
		};
/* End XCConfigurationList section */
	};
	rootObject = 3F4499C01E2701A6008B30E8 /* Project object */;
}
